
Microsoft Visual Studio Solution File, Format Version 12.00
# Visual Studio Version 17
VisualStudioVersion = 17.14.36414.22 d17.14
MinimumVisualStudioVersion = 10.0.40219.1
Project("{FAE04EC0-301F-11D3-BF4B-00C04F79EFBC}") = "ООП_ЛР1_вар3", "ООП_ЛР1_вар3.csproj", "{B84E8668-5A34-4121-94AB-F20BF102CB30}"
EndProject
Global
	GlobalSection(SolutionConfigurationPlatforms) = preSolution
		Debug|Any CPU = Debug|Any CPU
		Release|Any CPU = Release|Any CPU
	EndGlobalSection
	GlobalSection(ProjectConfigurationPlatforms) = postSolution
		{B84E8668-5A34-4121-94AB-F20BF102CB30}.Debug|Any CPU.ActiveCfg = Debug|Any CPU
		{B84E8668-5A34-4121-94AB-F20BF102CB30}.Debug|Any CPU.Build.0 = Debug|Any CPU
		{B84E8668-5A34-4121-94AB-F20BF102CB30}.Release|Any CPU.ActiveCfg = Release|Any CPU
		{B84E8668-5A34-4121-94AB-F20BF102CB30}.Release|Any CPU.Build.0 = Release|Any CPU
	EndGlobalSection
	GlobalSection(SolutionProperties) = preSolution
		HideSolutionNode = FALSE
	EndGlobalSection
	GlobalSection(ExtensibilityGlobals) = postSolution
		SolutionGuid = {AA626F27-6030-4F9D-AE64-2572F4F221B4}
	EndGlobalSection
EndGlobal
