
Microsoft Visual Studio Solution File, Format Version 12.00
# Visual Studio Version 17
VisualStudioVersion = 17.14.36414.22 d17.14
MinimumVisualStudioVersion = 10.0.40219.1
Project("{FAE04EC0-301F-11D3-BF4B-00C04F79EFBC}") = "ООП_ПР1", "ООП_ПР1.csproj", "{ECCD9223-EED5-4997-89D4-11DFE7ECEBA5}"
EndProject
Global
	GlobalSection(SolutionConfigurationPlatforms) = preSolution
		Debug|Any CPU = Debug|Any CPU
		Release|Any CPU = Release|Any CPU
	EndGlobalSection
	GlobalSection(ProjectConfigurationPlatforms) = postSolution
		{ECCD9223-EED5-4997-89D4-11DFE7ECEBA5}.Debug|Any CPU.ActiveCfg = Debug|Any CPU
		{ECCD9223-EED5-4997-89D4-11DFE7ECEBA5}.Debug|Any CPU.Build.0 = Debug|Any CPU
		{ECCD9223-EED5-4997-89D4-11DFE7ECEBA5}.Release|Any CPU.ActiveCfg = Release|Any CPU
		{ECCD9223-EED5-4997-89D4-11DFE7ECEBA5}.Release|Any CPU.Build.0 = Release|Any CPU
	EndGlobalSection
	GlobalSection(SolutionProperties) = preSolution
		HideSolutionNode = FALSE
	EndGlobalSection
	GlobalSection(ExtensibilityGlobals) = postSolution
		SolutionGuid = {B92CB08B-9706-4F26-881F-D95A59611BEF}
	EndGlobalSection
EndGlobal
